
Microsoft Visual Studio Solution File, Format Version 12.00
# Visual Studio Version 17
VisualStudioVersion = 17.7.34031.279
MinimumVisualStudioVersion = 10.0.40219.1
Project("{FAE04EC0-301F-11D3-BF4B-00C04F79EFBC}") = "School", "School\School.csproj", "{71726019-C8D5-4817-A656-CC15EC52680B}"
EndProject
Global
	GlobalSection(SolutionConfigurationPlatforms) = preSolution
		Debug|Any CPU = Debug|Any CPU
		Release|Any CPU = Release|Any CPU
	EndGlobalSection
	GlobalSection(ProjectConfigurationPlatforms) = postSolution
		{71726019-C8D5-4817-A656-CC15EC52680B}.Debug|Any CPU.ActiveCfg = Debug|Any CPU
		{71726019-C8D5-4817-A656-CC15EC52680B}.Debug|Any CPU.Build.0 = Debug|Any CPU
		{71726019-C8D5-4817-A656-CC15EC52680B}.Release|Any CPU.ActiveCfg = Release|Any CPU
		{71726019-C8D5-4817-A656-CC15EC52680B}.Release|Any CPU.Build.0 = Release|Any CPU
	EndGlobalSection
	GlobalSection(SolutionProperties) = preSolution
		HideSolutionNode = FALSE
	EndGlobalSection
	GlobalSection(ExtensibilityGlobals) = postSolution
		SolutionGuid = {2CB3B7D4-A092-4452-9D8E-0A58C8C882C4}
	EndGlobalSection
EndGlobal
